// !$*UTF8*$!
{
	archiveVersion = 1;
	classes = {
	};
	objectVersion = 46;
	objects = {

/* Begin PBXBuildFile section */
		4041F0B91F34E0D600FBE4EF /* FeedViewController.swift in Sources */ = {isa = PBXBuildFile; fileRef = 4041F0B41F34E0D600FBE4EF /* FeedViewController.swift */; };
		4041F0BB1F34E26900FBE4EF /* SearchViewController.swift in Sources */ = {isa = PBXBuildFile; fileRef = 4041F0BA1F34E26900FBE4EF /* SearchViewController.swift */; };
		4041F0BD1F34E28200FBE4EF /* UserViewController.swift in Sources */ = {isa = PBXBuildFile; fileRef = 4041F0BC1F34E28200FBE4EF /* UserViewController.swift */; };
		4041F0C01F34E2CD00FBE4EF /* MovieStore.swift in Sources */ = {isa = PBXBuildFile; fileRef = 4041F0BF1F34E2CD00FBE4EF /* MovieStore.swift */; };
		4041F0C21F34E33300FBE4EF /* SearchDataSource.swift in Sources */ = {isa = PBXBuildFile; fileRef = 4041F0C11F34E33300FBE4EF /* SearchDataSource.swift */; };
		4041F0C41F34E43700FBE4EF /* Movie.swift in Sources */ = {isa = PBXBuildFile; fileRef = 4041F0C31F34E43700FBE4EF /* Movie.swift */; };
		4041F0C71F34F58600FBE4EF /* TmdbAPI.swift in Sources */ = {isa = PBXBuildFile; fileRef = 4041F0C61F34F58600FBE4EF /* TmdbAPI.swift */; };
		4041F0C91F34F6CA00FBE4EF /* NetworkHelper.swift in Sources */ = {isa = PBXBuildFile; fileRef = 4041F0C81F34F6CA00FBE4EF /* NetworkHelper.swift */; };
		4041F0CB1F34F71000FBE4EF /* Alamofire.framework in Frameworks */ = {isa = PBXBuildFile; fileRef = 4041F0CA1F34F71000FBE4EF /* Alamofire.framework */; };
		4041F0CD1F34F71500FBE4EF /* Kingfisher.framework in Frameworks */ = {isa = PBXBuildFile; fileRef = 4041F0CC1F34F71500FBE4EF /* Kingfisher.framework */; };
		4041F0CF1F34F71800FBE4EF /* SwiftyJSON.framework in Frameworks */ = {isa = PBXBuildFile; fileRef = 4041F0CE1F34F71800FBE4EF /* SwiftyJSON.framework */; };
		4041F0D61F34F72000FBE4EF /* Bolts.framework in Frameworks */ = {isa = PBXBuildFile; fileRef = 4041F0D01F34F72000FBE4EF /* Bolts.framework */; };
		4041F0D71F34F72000FBE4EF /* FBSDKCoreKit.framework in Frameworks */ = {isa = PBXBuildFile; fileRef = 4041F0D11F34F72000FBE4EF /* FBSDKCoreKit.framework */; };
		4041F0D81F34F72000FBE4EF /* FBSDKLoginKit.framework in Frameworks */ = {isa = PBXBuildFile; fileRef = 4041F0D21F34F72000FBE4EF /* FBSDKLoginKit.framework */; };
		4041F0D91F34F72000FBE4EF /* Parse.framework in Frameworks */ = {isa = PBXBuildFile; fileRef = 4041F0D31F34F72000FBE4EF /* Parse.framework */; };
		4041F0DA1F34F72000FBE4EF /* ParseFacebookUtilsV4.framework in Frameworks */ = {isa = PBXBuildFile; fileRef = 4041F0D41F34F72000FBE4EF /* ParseFacebookUtilsV4.framework */; };
		4041F0DB1F34F72000FBE4EF /* ParseUI.framework in Frameworks */ = {isa = PBXBuildFile; fileRef = 4041F0D51F34F72000FBE4EF /* ParseUI.framework */; };
		4041F0DD1F3514C400FBE4EF /* MovieCollectionViewCell.swift in Sources */ = {isa = PBXBuildFile; fileRef = 4041F0DC1F3514C400FBE4EF /* MovieCollectionViewCell.swift */; };
		4041F0DF1F35241700FBE4EF /* MovieDetailViewController.swift in Sources */ = {isa = PBXBuildFile; fileRef = 4041F0DE1F35241700FBE4EF /* MovieDetailViewController.swift */; };
		4041F0E21F354F2700FBE4EF /* Main.storyboard in Resources */ = {isa = PBXBuildFile; fileRef = 4041F0E11F354F2700FBE4EF /* Main.storyboard */; };
		4041F0E41F355A0B00FBE4EF /* FeedStore.swift in Sources */ = {isa = PBXBuildFile; fileRef = 4041F0E31F355A0B00FBE4EF /* FeedStore.swift */; };
		4041F0E61F355ABB00FBE4EF /* ParseHelper.swift in Sources */ = {isa = PBXBuildFile; fileRef = 4041F0E51F355ABB00FBE4EF /* ParseHelper.swift */; };
		4041F0E81F356AEA00FBE4EF /* FeedDataSource.swift in Sources */ = {isa = PBXBuildFile; fileRef = 4041F0E71F356AEA00FBE4EF /* FeedDataSource.swift */; };
		4041F0EA1F356B4B00FBE4EF /* FeedTableViewCell.swift in Sources */ = {isa = PBXBuildFile; fileRef = 4041F0E91F356B4B00FBE4EF /* FeedTableViewCell.swift */; };
		4041F0EE1F36408A00FBE4EF /* NavigationController.swift in Sources */ = {isa = PBXBuildFile; fileRef = 4041F0ED1F36408A00FBE4EF /* NavigationController.swift */; };
		4041F0F01F3640B600FBE4EF /* TabBarController.swift in Sources */ = {isa = PBXBuildFile; fileRef = 4041F0EF1F3640B600FBE4EF /* TabBarController.swift */; };
		4041F0F31F36413B00FBE4EF /* Constants.swift in Sources */ = {isa = PBXBuildFile; fileRef = 4041F0F21F36413B00FBE4EF /* Constants.swift */; };
		40C4CB841F34DE7300B172CA /* AppDelegate.swift in Sources */ = {isa = PBXBuildFile; fileRef = 40C4CB831F34DE7300B172CA /* AppDelegate.swift */; };
		40C4CB8B1F34DE7300B172CA /* Assets.xcassets in Resources */ = {isa = PBXBuildFile; fileRef = 40C4CB8A1F34DE7300B172CA /* Assets.xcassets */; };
		40C4CB8E1F34DE7300B172CA /* LaunchScreen.storyboard in Resources */ = {isa = PBXBuildFile; fileRef = 40C4CB8C1F34DE7300B172CA /* LaunchScreen.storyboard */; };
		40C4CB991F34DE7300B172CA /* MovieHawkTests.swift in Sources */ = {isa = PBXBuildFile; fileRef = 40C4CB981F34DE7300B172CA /* MovieHawkTests.swift */; };
		40C4CBA41F34DE7300B172CA /* MovieHawkUITests.swift in Sources */ = {isa = PBXBuildFile; fileRef = 40C4CBA31F34DE7300B172CA /* MovieHawkUITests.swift */; };
		46A9D4588699A381D3EAA96E /* Pods_MovieHawk.framework in Frameworks */ = {isa = PBXBuildFile; fileRef = 3B9862C71BE14EAE30693DAF /* Pods_MovieHawk.framework */; };
		720C14AC8DAF3E1BC3AFCE72 /* Pods_MovieHawkTests.framework in Frameworks */ = {isa = PBXBuildFile; fileRef = 270E77F1C145C26E51EF4FFC /* Pods_MovieHawkTests.framework */; };
		F2AA82087A213A4FC555B4B6 /* Pods_MovieHawkUITests.framework in Frameworks */ = {isa = PBXBuildFile; fileRef = 7C04747E95E0484E9652D611 /* Pods_MovieHawkUITests.framework */; };
/* End PBXBuildFile section */

/* Begin PBXContainerItemProxy section */
		40C4CB951F34DE7300B172CA /* PBXContainerItemProxy */ = {
			isa = PBXContainerItemProxy;
			containerPortal = 40C4CB781F34DE7300B172CA /* Project object */;
			proxyType = 1;
			remoteGlobalIDString = 40C4CB7F1F34DE7300B172CA;
			remoteInfo = MovieHawk;
		};
		40C4CBA01F34DE7300B172CA /* PBXContainerItemProxy */ = {
			isa = PBXContainerItemProxy;
			containerPortal = 40C4CB781F34DE7300B172CA /* Project object */;
			proxyType = 1;
			remoteGlobalIDString = 40C4CB7F1F34DE7300B172CA;
			remoteInfo = MovieHawk;
		};
/* End PBXContainerItemProxy section */

/* Begin PBXFileReference section */
		270E77F1C145C26E51EF4FFC /* Pods_MovieHawkTests.framework */ = {isa = PBXFileReference; explicitFileType = wrapper.framework; includeInIndex = 0; path = Pods_MovieHawkTests.framework; sourceTree = BUILT_PRODUCTS_DIR; };
		3B9862C71BE14EAE30693DAF /* Pods_MovieHawk.framework */ = {isa = PBXFileReference; explicitFileType = wrapper.framework; includeInIndex = 0; path = Pods_MovieHawk.framework; sourceTree = BUILT_PRODUCTS_DIR; };
		3EA3F20A85F3DA5376FB2058 /* Pods-MovieHawkUITests.release.xcconfig */ = {isa = PBXFileReference; includeInIndex = 1; lastKnownFileType = text.xcconfig; name = "Pods-MovieHawkUITests.release.xcconfig"; path = "Pods/Target Support Files/Pods-MovieHawkUITests/Pods-MovieHawkUITests.release.xcconfig"; sourceTree = "<group>"; };
		4041F0B41F34E0D600FBE4EF /* FeedViewController.swift */ = {isa = PBXFileReference; fileEncoding = 4; lastKnownFileType = sourcecode.swift; path = FeedViewController.swift; sourceTree = "<group>"; };
		4041F0BA1F34E26900FBE4EF /* SearchViewController.swift */ = {isa = PBXFileReference; fileEncoding = 4; lastKnownFileType = sourcecode.swift; path = SearchViewController.swift; sourceTree = "<group>"; };
		4041F0BC1F34E28200FBE4EF /* UserViewController.swift */ = {isa = PBXFileReference; fileEncoding = 4; lastKnownFileType = sourcecode.swift; path = UserViewController.swift; sourceTree = "<group>"; };
		4041F0BF1F34E2CD00FBE4EF /* MovieStore.swift */ = {isa = PBXFileReference; fileEncoding = 4; lastKnownFileType = sourcecode.swift; path = MovieStore.swift; sourceTree = "<group>"; };
		4041F0C11F34E33300FBE4EF /* SearchDataSource.swift */ = {isa = PBXFileReference; fileEncoding = 4; lastKnownFileType = sourcecode.swift; path = SearchDataSource.swift; sourceTree = "<group>"; };
		4041F0C31F34E43700FBE4EF /* Movie.swift */ = {isa = PBXFileReference; fileEncoding = 4; lastKnownFileType = sourcecode.swift; path = Movie.swift; sourceTree = "<group>"; };
		4041F0C61F34F58600FBE4EF /* TmdbAPI.swift */ = {isa = PBXFileReference; fileEncoding = 4; lastKnownFileType = sourcecode.swift; path = TmdbAPI.swift; sourceTree = "<group>"; };
		4041F0C81F34F6CA00FBE4EF /* NetworkHelper.swift */ = {isa = PBXFileReference; fileEncoding = 4; lastKnownFileType = sourcecode.swift; path = NetworkHelper.swift; sourceTree = "<group>"; };
		4041F0CA1F34F71000FBE4EF /* Alamofire.framework */ = {isa = PBXFileReference; lastKnownFileType = wrapper.framework; name = Alamofire.framework; path = "../../../../Library/Developer/Xcode/DerivedData/MovieHawk-cvgitjmgthtewweeaibpdmurluyx/Build/Products/Debug-iphoneos/Alamofire/Alamofire.framework"; sourceTree = "<group>"; };
		4041F0CC1F34F71500FBE4EF /* Kingfisher.framework */ = {isa = PBXFileReference; lastKnownFileType = wrapper.framework; name = Kingfisher.framework; path = "../../../../Library/Developer/Xcode/DerivedData/MovieHawk-cvgitjmgthtewweeaibpdmurluyx/Build/Products/Debug-iphoneos/Kingfisher/Kingfisher.framework"; sourceTree = "<group>"; };
		4041F0CE1F34F71800FBE4EF /* SwiftyJSON.framework */ = {isa = PBXFileReference; lastKnownFileType = wrapper.framework; name = SwiftyJSON.framework; path = "../../../../Library/Developer/Xcode/DerivedData/MovieHawk-cvgitjmgthtewweeaibpdmurluyx/Build/Products/Debug-iphoneos/SwiftyJSON/SwiftyJSON.framework"; sourceTree = "<group>"; };
		4041F0D01F34F72000FBE4EF /* Bolts.framework */ = {isa = PBXFileReference; lastKnownFileType = wrapper.framework; name = Bolts.framework; path = "../../../../Library/Developer/Xcode/DerivedData/MovieHawk-cvgitjmgthtewweeaibpdmurluyx/Build/Products/Debug-iphoneos/Bolts/Bolts.framework"; sourceTree = "<group>"; };
		4041F0D11F34F72000FBE4EF /* FBSDKCoreKit.framework */ = {isa = PBXFileReference; lastKnownFileType = wrapper.framework; name = FBSDKCoreKit.framework; path = "../../../../Library/Developer/Xcode/DerivedData/MovieHawk-cvgitjmgthtewweeaibpdmurluyx/Build/Products/Debug-iphoneos/FBSDKCoreKit/FBSDKCoreKit.framework"; sourceTree = "<group>"; };
		4041F0D21F34F72000FBE4EF /* FBSDKLoginKit.framework */ = {isa = PBXFileReference; lastKnownFileType = wrapper.framework; name = FBSDKLoginKit.framework; path = "../../../../Library/Developer/Xcode/DerivedData/MovieHawk-cvgitjmgthtewweeaibpdmurluyx/Build/Products/Debug-iphoneos/FBSDKLoginKit/FBSDKLoginKit.framework"; sourceTree = "<group>"; };
		4041F0D31F34F72000FBE4EF /* Parse.framework */ = {isa = PBXFileReference; lastKnownFileType = wrapper.framework; name = Parse.framework; path = "../../../../Library/Developer/Xcode/DerivedData/MovieHawk-cvgitjmgthtewweeaibpdmurluyx/Build/Products/Debug-iphoneos/Parse/Parse.framework"; sourceTree = "<group>"; };
		4041F0D41F34F72000FBE4EF /* ParseFacebookUtilsV4.framework */ = {isa = PBXFileReference; lastKnownFileType = wrapper.framework; name = ParseFacebookUtilsV4.framework; path = "../../../../Library/Developer/Xcode/DerivedData/MovieHawk-cvgitjmgthtewweeaibpdmurluyx/Build/Products/Debug-iphoneos/ParseFacebookUtilsV4/ParseFacebookUtilsV4.framework"; sourceTree = "<group>"; };
		4041F0D51F34F72000FBE4EF /* ParseUI.framework */ = {isa = PBXFileReference; lastKnownFileType = wrapper.framework; name = ParseUI.framework; path = "../../../../Library/Developer/Xcode/DerivedData/MovieHawk-cvgitjmgthtewweeaibpdmurluyx/Build/Products/Debug-iphoneos/ParseUI/ParseUI.framework"; sourceTree = "<group>"; };
		4041F0DC1F3514C400FBE4EF /* MovieCollectionViewCell.swift */ = {isa = PBXFileReference; fileEncoding = 4; lastKnownFileType = sourcecode.swift; path = MovieCollectionViewCell.swift; sourceTree = "<group>"; };
		4041F0DE1F35241700FBE4EF /* MovieDetailViewController.swift */ = {isa = PBXFileReference; fileEncoding = 4; lastKnownFileType = sourcecode.swift; path = MovieDetailViewController.swift; sourceTree = "<group>"; };
		4041F0E11F354F2700FBE4EF /* Main.storyboard */ = {isa = PBXFileReference; fileEncoding = 4; lastKnownFileType = file.storyboard; path = Main.storyboard; sourceTree = "<group>"; };
		4041F0E31F355A0B00FBE4EF /* FeedStore.swift */ = {isa = PBXFileReference; fileEncoding = 4; lastKnownFileType = sourcecode.swift; path = FeedStore.swift; sourceTree = "<group>"; };
		4041F0E51F355ABB00FBE4EF /* ParseHelper.swift */ = {isa = PBXFileReference; fileEncoding = 4; lastKnownFileType = sourcecode.swift; path = ParseHelper.swift; sourceTree = "<group>"; };
		4041F0E71F356AEA00FBE4EF /* FeedDataSource.swift */ = {isa = PBXFileReference; fileEncoding = 4; lastKnownFileType = sourcecode.swift; path = FeedDataSource.swift; sourceTree = "<group>"; };
		4041F0E91F356B4B00FBE4EF /* FeedTableViewCell.swift */ = {isa = PBXFileReference; fileEncoding = 4; lastKnownFileType = sourcecode.swift; path = FeedTableViewCell.swift; sourceTree = "<group>"; };
		4041F0ED1F36408A00FBE4EF /* NavigationController.swift */ = {isa = PBXFileReference; fileEncoding = 4; lastKnownFileType = sourcecode.swift; path = NavigationController.swift; sourceTree = "<group>"; };
		4041F0EF1F3640B600FBE4EF /* TabBarController.swift */ = {isa = PBXFileReference; fileEncoding = 4; lastKnownFileType = sourcecode.swift; path = TabBarController.swift; sourceTree = "<group>"; };
		4041F0F21F36413B00FBE4EF /* Constants.swift */ = {isa = PBXFileReference; fileEncoding = 4; lastKnownFileType = sourcecode.swift; path = Constants.swift; sourceTree = "<group>"; };
		40C4CB801F34DE7300B172CA /* MovieHawk.app */ = {isa = PBXFileReference; explicitFileType = wrapper.application; includeInIndex = 0; path = MovieHawk.app; sourceTree = BUILT_PRODUCTS_DIR; };
		40C4CB831F34DE7300B172CA /* AppDelegate.swift */ = {isa = PBXFileReference; lastKnownFileType = sourcecode.swift; path = AppDelegate.swift; sourceTree = "<group>"; };
		40C4CB8A1F34DE7300B172CA /* Assets.xcassets */ = {isa = PBXFileReference; lastKnownFileType = folder.assetcatalog; path = Assets.xcassets; sourceTree = "<group>"; };
		40C4CB8D1F34DE7300B172CA /* Base */ = {isa = PBXFileReference; lastKnownFileType = file.storyboard; name = Base; path = Base.lproj/LaunchScreen.storyboard; sourceTree = "<group>"; };
		40C4CB8F1F34DE7300B172CA /* Info.plist */ = {isa = PBXFileReference; lastKnownFileType = text.plist.xml; path = Info.plist; sourceTree = "<group>"; };
		40C4CB941F34DE7300B172CA /* MovieHawkTests.xctest */ = {isa = PBXFileReference; explicitFileType = wrapper.cfbundle; includeInIndex = 0; path = MovieHawkTests.xctest; sourceTree = BUILT_PRODUCTS_DIR; };
		40C4CB981F34DE7300B172CA /* MovieHawkTests.swift */ = {isa = PBXFileReference; lastKnownFileType = sourcecode.swift; path = MovieHawkTests.swift; sourceTree = "<group>"; };
		40C4CB9A1F34DE7300B172CA /* Info.plist */ = {isa = PBXFileReference; lastKnownFileType = text.plist.xml; path = Info.plist; sourceTree = "<group>"; };
		40C4CB9F1F34DE7300B172CA /* MovieHawkUITests.xctest */ = {isa = PBXFileReference; explicitFileType = wrapper.cfbundle; includeInIndex = 0; path = MovieHawkUITests.xctest; sourceTree = BUILT_PRODUCTS_DIR; };
		40C4CBA31F34DE7300B172CA /* MovieHawkUITests.swift */ = {isa = PBXFileReference; lastKnownFileType = sourcecode.swift; path = MovieHawkUITests.swift; sourceTree = "<group>"; };
		40C4CBA51F34DE7300B172CA /* Info.plist */ = {isa = PBXFileReference; lastKnownFileType = text.plist.xml; path = Info.plist; sourceTree = "<group>"; };
		57AA92016E69F384548F920A /* Pods-MovieHawk.release.xcconfig */ = {isa = PBXFileReference; includeInIndex = 1; lastKnownFileType = text.xcconfig; name = "Pods-MovieHawk.release.xcconfig"; path = "Pods/Target Support Files/Pods-MovieHawk/Pods-MovieHawk.release.xcconfig"; sourceTree = "<group>"; };
		71A9ECBB1517CF87E68F0758 /* Pods-MovieHawk.debug.xcconfig */ = {isa = PBXFileReference; includeInIndex = 1; lastKnownFileType = text.xcconfig; name = "Pods-MovieHawk.debug.xcconfig"; path = "Pods/Target Support Files/Pods-MovieHawk/Pods-MovieHawk.debug.xcconfig"; sourceTree = "<group>"; };
		7C04747E95E0484E9652D611 /* Pods_MovieHawkUITests.framework */ = {isa = PBXFileReference; explicitFileType = wrapper.framework; includeInIndex = 0; path = Pods_MovieHawkUITests.framework; sourceTree = BUILT_PRODUCTS_DIR; };
		AA0D9539A00565A7B4E5FDC7 /* Pods-MovieHawkTests.release.xcconfig */ = {isa = PBXFileReference; includeInIndex = 1; lastKnownFileType = text.xcconfig; name = "Pods-MovieHawkTests.release.xcconfig"; path = "Pods/Target Support Files/Pods-MovieHawkTests/Pods-MovieHawkTests.release.xcconfig"; sourceTree = "<group>"; };
		AE2E69D0B072865180375D7F /* Pods-MovieHawkUITests.debug.xcconfig */ = {isa = PBXFileReference; includeInIndex = 1; lastKnownFileType = text.xcconfig; name = "Pods-MovieHawkUITests.debug.xcconfig"; path = "Pods/Target Support Files/Pods-MovieHawkUITests/Pods-MovieHawkUITests.debug.xcconfig"; sourceTree = "<group>"; };
		F2F73060FC9FE7BE66CB6009 /* Pods-MovieHawkTests.debug.xcconfig */ = {isa = PBXFileReference; includeInIndex = 1; lastKnownFileType = text.xcconfig; name = "Pods-MovieHawkTests.debug.xcconfig"; path = "Pods/Target Support Files/Pods-MovieHawkTests/Pods-MovieHawkTests.debug.xcconfig"; sourceTree = "<group>"; };
/* End PBXFileReference section */

/* Begin PBXFrameworksBuildPhase section */
		40C4CB7D1F34DE7300B172CA /* Frameworks */ = {
			isa = PBXFrameworksBuildPhase;
			buildActionMask = 2147483647;
			files = (
				4041F0D61F34F72000FBE4EF /* Bolts.framework in Frameworks */,
				4041F0D71F34F72000FBE4EF /* FBSDKCoreKit.framework in Frameworks */,
				4041F0D81F34F72000FBE4EF /* FBSDKLoginKit.framework in Frameworks */,
				4041F0D91F34F72000FBE4EF /* Parse.framework in Frameworks */,
				4041F0DA1F34F72000FBE4EF /* ParseFacebookUtilsV4.framework in Frameworks */,
				4041F0DB1F34F72000FBE4EF /* ParseUI.framework in Frameworks */,
				4041F0CF1F34F71800FBE4EF /* SwiftyJSON.framework in Frameworks */,
				4041F0CD1F34F71500FBE4EF /* Kingfisher.framework in Frameworks */,
				4041F0CB1F34F71000FBE4EF /* Alamofire.framework in Frameworks */,
				46A9D4588699A381D3EAA96E /* Pods_MovieHawk.framework in Frameworks */,
			);
			runOnlyForDeploymentPostprocessing = 0;
		};
		40C4CB911F34DE7300B172CA /* Frameworks */ = {
			isa = PBXFrameworksBuildPhase;
			buildActionMask = 2147483647;
			files = (
				720C14AC8DAF3E1BC3AFCE72 /* Pods_MovieHawkTests.framework in Frameworks */,
			);
			runOnlyForDeploymentPostprocessing = 0;
		};
		40C4CB9C1F34DE7300B172CA /* Frameworks */ = {
			isa = PBXFrameworksBuildPhase;
			buildActionMask = 2147483647;
			files = (
				F2AA82087A213A4FC555B4B6 /* Pods_MovieHawkUITests.framework in Frameworks */,
			);
			runOnlyForDeploymentPostprocessing = 0;
		};
/* End PBXFrameworksBuildPhase section */

/* Begin PBXGroup section */
		4041F0B21F34E0C300FBE4EF /* SupportingFiles */ = {
			isa = PBXGroup;
			children = (
				40C4CB831F34DE7300B172CA /* AppDelegate.swift */,
				40C4CB8A1F34DE7300B172CA /* Assets.xcassets */,
				40C4CB8C1F34DE7300B172CA /* LaunchScreen.storyboard */,
				40C4CB8F1F34DE7300B172CA /* Info.plist */,
			);
			name = SupportingFiles;
			sourceTree = "<group>";
		};
		4041F0B31F34E0D600FBE4EF /* Controller */ = {
			isa = PBXGroup;
			children = (
				4041F0B41F34E0D600FBE4EF /* FeedViewController.swift */,
				4041F0BA1F34E26900FBE4EF /* SearchViewController.swift */,
				4041F0BC1F34E28200FBE4EF /* UserViewController.swift */,
				4041F0DE1F35241700FBE4EF /* MovieDetailViewController.swift */,
			);
			path = Controller;
			sourceTree = "<group>";
		};
		4041F0B51F34E0D600FBE4EF /* DataSource */ = {
			isa = PBXGroup;
			children = (
				4041F0C11F34E33300FBE4EF /* SearchDataSource.swift */,
				4041F0E71F356AEA00FBE4EF /* FeedDataSource.swift */,
			);
			path = DataSource;
			sourceTree = "<group>";
		};
		4041F0B61F34E0D600FBE4EF /* Helper */ = {
			isa = PBXGroup;
			children = (
				4041F0C81F34F6CA00FBE4EF /* NetworkHelper.swift */,
				4041F0E51F355ABB00FBE4EF /* ParseHelper.swift */,
			);
			path = Helper;
			sourceTree = "<group>";
		};
		4041F0B71F34E0D600FBE4EF /* Model */ = {
			isa = PBXGroup;
			children = (
				4041F0C31F34E43700FBE4EF /* Movie.swift */,
			);
			path = Model;
			sourceTree = "<group>";
		};
		4041F0B81F34E0D600FBE4EF /* View */ = {
			isa = PBXGroup;
			children = (
				4041F0DC1F3514C400FBE4EF /* MovieCollectionViewCell.swift */,
				4041F0E91F356B4B00FBE4EF /* FeedTableViewCell.swift */,
			);
			path = View;
			sourceTree = "<group>";
		};
		4041F0BE1F34E2C100FBE4EF /* Store */ = {
			isa = PBXGroup;
			children = (
				4041F0BF1F34E2CD00FBE4EF /* MovieStore.swift */,
				4041F0E31F355A0B00FBE4EF /* FeedStore.swift */,
			);
			path = Store;
			sourceTree = "<group>";
		};
		4041F0C51F34F56200FBE4EF /* API */ = {
			isa = PBXGroup;
			children = (
				4041F0C61F34F58600FBE4EF /* TmdbAPI.swift */,
			);
			path = API;
			sourceTree = "<group>";
		};
		4041F0E01F354F2700FBE4EF /* Storyboards */ = {
			isa = PBXGroup;
			children = (
				4041F0E11F354F2700FBE4EF /* Main.storyboard */,
			);
			path = Storyboards;
			sourceTree = "<group>";
		};
		4041F0EB1F36406B00FBE4EF /* Classes */ = {
			isa = PBXGroup;
			children = (
				4041F0ED1F36408A00FBE4EF /* NavigationController.swift */,
				4041F0EF1F3640B600FBE4EF /* TabBarController.swift */,
			);
			path = Classes;
			sourceTree = "<group>";
		};
		4041F0EC1F36406B00FBE4EF /* Extensions */ = {
			isa = PBXGroup;
			children = (
			);
			path = Extensions;
			sourceTree = "<group>";
		};
		4041F0F11F36413100FBE4EF /* Constants */ = {
			isa = PBXGroup;
			children = (
				4041F0F21F36413B00FBE4EF /* Constants.swift */,
			);
			path = Constants;
			sourceTree = "<group>";
		};
		40C4CB771F34DE7300B172CA = {
			isa = PBXGroup;
			children = (
				40C4CB821F34DE7300B172CA /* MovieHawk */,
				40C4CB971F34DE7300B172CA /* MovieHawkTests */,
				40C4CBA21F34DE7300B172CA /* MovieHawkUITests */,
				40C4CB811F34DE7300B172CA /* Products */,
				DCA0BA0999AF966BCC032652 /* Pods */,
				5C115EA1317B59BDE41EAF5D /* Frameworks */,
			);
			sourceTree = "<group>";
		};
		40C4CB811F34DE7300B172CA /* Products */ = {
			isa = PBXGroup;
			children = (
				40C4CB801F34DE7300B172CA /* MovieHawk.app */,
				40C4CB941F34DE7300B172CA /* MovieHawkTests.xctest */,
				40C4CB9F1F34DE7300B172CA /* MovieHawkUITests.xctest */,
			);
			name = Products;
			sourceTree = "<group>";
		};
		40C4CB821F34DE7300B172CA /* MovieHawk */ = {
			isa = PBXGroup;
			children = (
				4041F0F11F36413100FBE4EF /* Constants */,
				4041F0EB1F36406B00FBE4EF /* Classes */,
				4041F0EC1F36406B00FBE4EF /* Extensions */,
				4041F0E01F354F2700FBE4EF /* Storyboards */,
				4041F0C51F34F56200FBE4EF /* API */,
				4041F0BE1F34E2C100FBE4EF /* Store */,
				4041F0B31F34E0D600FBE4EF /* Controller */,
				4041F0B51F34E0D600FBE4EF /* DataSource */,
				4041F0B61F34E0D600FBE4EF /* Helper */,
				4041F0B71F34E0D600FBE4EF /* Model */,
				4041F0B81F34E0D600FBE4EF /* View */,
				4041F0B21F34E0C300FBE4EF /* SupportingFiles */,
			);
			path = MovieHawk;
			sourceTree = "<group>";
		};
		40C4CB971F34DE7300B172CA /* MovieHawkTests */ = {
			isa = PBXGroup;
			children = (
				40C4CB981F34DE7300B172CA /* MovieHawkTests.swift */,
				40C4CB9A1F34DE7300B172CA /* Info.plist */,
			);
			path = MovieHawkTests;
			sourceTree = "<group>";
		};
		40C4CBA21F34DE7300B172CA /* MovieHawkUITests */ = {
			isa = PBXGroup;
			children = (
				40C4CBA31F34DE7300B172CA /* MovieHawkUITests.swift */,
				40C4CBA51F34DE7300B172CA /* Info.plist */,
			);
			path = MovieHawkUITests;
			sourceTree = "<group>";
		};
		5C115EA1317B59BDE41EAF5D /* Frameworks */ = {
			isa = PBXGroup;
			children = (
				4041F0D01F34F72000FBE4EF /* Bolts.framework */,
				4041F0D11F34F72000FBE4EF /* FBSDKCoreKit.framework */,
				4041F0D21F34F72000FBE4EF /* FBSDKLoginKit.framework */,
				4041F0D31F34F72000FBE4EF /* Parse.framework */,
				4041F0D41F34F72000FBE4EF /* ParseFacebookUtilsV4.framework */,
				4041F0D51F34F72000FBE4EF /* ParseUI.framework */,
				4041F0CE1F34F71800FBE4EF /* SwiftyJSON.framework */,
				4041F0CC1F34F71500FBE4EF /* Kingfisher.framework */,
				4041F0CA1F34F71000FBE4EF /* Alamofire.framework */,
				3B9862C71BE14EAE30693DAF /* Pods_MovieHawk.framework */,
				270E77F1C145C26E51EF4FFC /* Pods_MovieHawkTests.framework */,
				7C04747E95E0484E9652D611 /* Pods_MovieHawkUITests.framework */,
			);
			name = Frameworks;
			sourceTree = "<group>";
		};
		DCA0BA0999AF966BCC032652 /* Pods */ = {
			isa = PBXGroup;
			children = (
				71A9ECBB1517CF87E68F0758 /* Pods-MovieHawk.debug.xcconfig */,
				57AA92016E69F384548F920A /* Pods-MovieHawk.release.xcconfig */,
				F2F73060FC9FE7BE66CB6009 /* Pods-MovieHawkTests.debug.xcconfig */,
				AA0D9539A00565A7B4E5FDC7 /* Pods-MovieHawkTests.release.xcconfig */,
				AE2E69D0B072865180375D7F /* Pods-MovieHawkUITests.debug.xcconfig */,
				3EA3F20A85F3DA5376FB2058 /* Pods-MovieHawkUITests.release.xcconfig */,
			);
			name = Pods;
			sourceTree = "<group>";
		};
/* End PBXGroup section */

/* Begin PBXNativeTarget section */
		40C4CB7F1F34DE7300B172CA /* MovieHawk */ = {
			isa = PBXNativeTarget;
			buildConfigurationList = 40C4CBA81F34DE7300B172CA /* Build configuration list for PBXNativeTarget "MovieHawk" */;
			buildPhases = (
				80F89A13B681EFBF3F220235 /* [CP] Check Pods Manifest.lock */,
				40C4CB7C1F34DE7300B172CA /* Sources */,
				40C4CB7D1F34DE7300B172CA /* Frameworks */,
				40C4CB7E1F34DE7300B172CA /* Resources */,
				CFA4AC5D9720DF90EC74EDB9 /* [CP] Embed Pods Frameworks */,
				8600F6CF837FD2EECA29BC2B /* [CP] Copy Pods Resources */,
			);
			buildRules = (
			);
			dependencies = (
			);
			name = MovieHawk;
			productName = MovieHawk;
			productReference = 40C4CB801F34DE7300B172CA /* MovieHawk.app */;
			productType = "com.apple.product-type.application";
		};
		40C4CB931F34DE7300B172CA /* MovieHawkTests */ = {
			isa = PBXNativeTarget;
			buildConfigurationList = 40C4CBAB1F34DE7300B172CA /* Build configuration list for PBXNativeTarget "MovieHawkTests" */;
			buildPhases = (
				A4F8637CCF0AE6BFEBDA56DA /* [CP] Check Pods Manifest.lock */,
				40C4CB901F34DE7300B172CA /* Sources */,
				40C4CB911F34DE7300B172CA /* Frameworks */,
				40C4CB921F34DE7300B172CA /* Resources */,
				609281FA3184CA64987724D1 /* [CP] Embed Pods Frameworks */,
				C7D5D6315D3EBA99ED83DF8E /* [CP] Copy Pods Resources */,
			);
			buildRules = (
			);
			dependencies = (
				40C4CB961F34DE7300B172CA /* PBXTargetDependency */,
			);
			name = MovieHawkTests;
			productName = MovieHawkTests;
			productReference = 40C4CB941F34DE7300B172CA /* MovieHawkTests.xctest */;
			productType = "com.apple.product-type.bundle.unit-test";
		};
		40C4CB9E1F34DE7300B172CA /* MovieHawkUITests */ = {
			isa = PBXNativeTarget;
			buildConfigurationList = 40C4CBAE1F34DE7300B172CA /* Build configuration list for PBXNativeTarget "MovieHawkUITests" */;
			buildPhases = (
				412E7938022CF9D1EF8B447B /* [CP] Check Pods Manifest.lock */,
				40C4CB9B1F34DE7300B172CA /* Sources */,
				40C4CB9C1F34DE7300B172CA /* Frameworks */,
				40C4CB9D1F34DE7300B172CA /* Resources */,
				7B29114430317C18C2E12B31 /* [CP] Embed Pods Frameworks */,
				57A2630D1C7D7D9D52E6368F /* [CP] Copy Pods Resources */,
			);
			buildRules = (
			);
			dependencies = (
				40C4CBA11F34DE7300B172CA /* PBXTargetDependency */,
			);
			name = MovieHawkUITests;
			productName = MovieHawkUITests;
			productReference = 40C4CB9F1F34DE7300B172CA /* MovieHawkUITests.xctest */;
			productType = "com.apple.product-type.bundle.ui-testing";
		};
/* End PBXNativeTarget section */

/* Begin PBXProject section */
		40C4CB781F34DE7300B172CA /* Project object */ = {
			isa = PBXProject;
			attributes = {
				LastSwiftUpdateCheck = 0830;
				LastUpgradeCheck = 0830;
				ORGANIZATIONNAME = com.arunsivakumar;
				TargetAttributes = {
					40C4CB7F1F34DE7300B172CA = {
						CreatedOnToolsVersion = 8.3.3;
						DevelopmentTeam = Q5S947L7K7;
						ProvisioningStyle = Automatic;
					};
					40C4CB931F34DE7300B172CA = {
						CreatedOnToolsVersion = 8.3.3;
						DevelopmentTeam = Q5S947L7K7;
						ProvisioningStyle = Automatic;
						TestTargetID = 40C4CB7F1F34DE7300B172CA;
					};
					40C4CB9E1F34DE7300B172CA = {
						CreatedOnToolsVersion = 8.3.3;
						DevelopmentTeam = Q5S947L7K7;
						ProvisioningStyle = Automatic;
						TestTargetID = 40C4CB7F1F34DE7300B172CA;
					};
				};
			};
			buildConfigurationList = 40C4CB7B1F34DE7300B172CA /* Build configuration list for PBXProject "MovieHawk" */;
			compatibilityVersion = "Xcode 3.2";
			developmentRegion = English;
			hasScannedForEncodings = 0;
			knownRegions = (
				en,
				Base,
			);
			mainGroup = 40C4CB771F34DE7300B172CA;
			productRefGroup = 40C4CB811F34DE7300B172CA /* Products */;
			projectDirPath = "";
			projectRoot = "";
			targets = (
				40C4CB7F1F34DE7300B172CA /* MovieHawk */,
				40C4CB931F34DE7300B172CA /* MovieHawkTests */,
				40C4CB9E1F34DE7300B172CA /* MovieHawkUITests */,
			);
		};
/* End PBXProject section */

/* Begin PBXResourcesBuildPhase section */
		40C4CB7E1F34DE7300B172CA /* Resources */ = {
			isa = PBXResourcesBuildPhase;
			buildActionMask = 2147483647;
			files = (
				4041F0E21F354F2700FBE4EF /* Main.storyboard in Resources */,
				40C4CB8E1F34DE7300B172CA /* LaunchScreen.storyboard in Resources */,
				40C4CB8B1F34DE7300B172CA /* Assets.xcassets in Resources */,
			);
			runOnlyForDeploymentPostprocessing = 0;
		};
		40C4CB921F34DE7300B172CA /* Resources */ = {
			isa = PBXResourcesBuildPhase;
			buildActionMask = 2147483647;
			files = (
			);
			runOnlyForDeploymentPostprocessing = 0;
		};
		40C4CB9D1F34DE7300B172CA /* Resources */ = {
			isa = PBXResourcesBuildPhase;
			buildActionMask = 2147483647;
			files = (
			);
			runOnlyForDeploymentPostprocessing = 0;
		};
/* End PBXResourcesBuildPhase section */

/* Begin PBXShellScriptBuildPhase section */
		412E7938022CF9D1EF8B447B /* [CP] Check Pods Manifest.lock */ = {
			isa = PBXShellScriptBuildPhase;
			buildActionMask = 2147483647;
			files = (
			);
			inputPaths = (
			);
			name = "[CP] Check Pods Manifest.lock";
			outputPaths = (
			);
			runOnlyForDeploymentPostprocessing = 0;
			shellPath = /bin/sh;
			shellScript = "diff \"${PODS_ROOT}/../Podfile.lock\" \"${PODS_ROOT}/Manifest.lock\" > /dev/null\nif [ $? != 0 ] ; then\n    # print error to STDERR\n    echo \"error: The sandbox is not in sync with the Podfile.lock. Run 'pod install' or update your CocoaPods installation.\" >&2\n    exit 1\nfi\n";
			showEnvVarsInLog = 0;
		};
		57A2630D1C7D7D9D52E6368F /* [CP] Copy Pods Resources */ = {
			isa = PBXShellScriptBuildPhase;
			buildActionMask = 2147483647;
			files = (
			);
			inputPaths = (
			);
			name = "[CP] Copy Pods Resources";
			outputPaths = (
			);
			runOnlyForDeploymentPostprocessing = 0;
			shellPath = /bin/sh;
			shellScript = "\"${SRCROOT}/Pods/Target Support Files/Pods-MovieHawkUITests/Pods-MovieHawkUITests-resources.sh\"\n";
			showEnvVarsInLog = 0;
		};
		609281FA3184CA64987724D1 /* [CP] Embed Pods Frameworks */ = {
			isa = PBXShellScriptBuildPhase;
			buildActionMask = 2147483647;
			files = (
			);
			inputPaths = (
			);
			name = "[CP] Embed Pods Frameworks";
			outputPaths = (
			);
			runOnlyForDeploymentPostprocessing = 0;
			shellPath = /bin/sh;
			shellScript = "\"${SRCROOT}/Pods/Target Support Files/Pods-MovieHawkTests/Pods-MovieHawkTests-frameworks.sh\"\n";
			showEnvVarsInLog = 0;
		};
		7B29114430317C18C2E12B31 /* [CP] Embed Pods Frameworks */ = {
			isa = PBXShellScriptBuildPhase;
			buildActionMask = 2147483647;
			files = (
			);
			inputPaths = (
			);
			name = "[CP] Embed Pods Frameworks";
			outputPaths = (
			);
			runOnlyForDeploymentPostprocessing = 0;
			shellPath = /bin/sh;
			shellScript = "\"${SRCROOT}/Pods/Target Support Files/Pods-MovieHawkUITests/Pods-MovieHawkUITests-frameworks.sh\"\n";
			showEnvVarsInLog = 0;
		};
		80F89A13B681EFBF3F220235 /* [CP] Check Pods Manifest.lock */ = {
			isa = PBXShellScriptBuildPhase;
			buildActionMask = 2147483647;
			files = (
			);
			inputPaths = (
			);
			name = "[CP] Check Pods Manifest.lock";
			outputPaths = (
			);
			runOnlyForDeploymentPostprocessing = 0;
			shellPath = /bin/sh;
			shellScript = "diff \"${PODS_ROOT}/../Podfile.lock\" \"${PODS_ROOT}/Manifest.lock\" > /dev/null\nif [ $? != 0 ] ; then\n    # print error to STDERR\n    echo \"error: The sandbox is not in sync with the Podfile.lock. Run 'pod install' or update your CocoaPods installation.\" >&2\n    exit 1\nfi\n";
			showEnvVarsInLog = 0;
		};
		8600F6CF837FD2EECA29BC2B /* [CP] Copy Pods Resources */ = {
			isa = PBXShellScriptBuildPhase;
			buildActionMask = 2147483647;
			files = (
			);
			inputPaths = (
			);
			name = "[CP] Copy Pods Resources";
			outputPaths = (
			);
			runOnlyForDeploymentPostprocessing = 0;
			shellPath = /bin/sh;
			shellScript = "\"${SRCROOT}/Pods/Target Support Files/Pods-MovieHawk/Pods-MovieHawk-resources.sh\"\n";
			showEnvVarsInLog = 0;
		};
		A4F8637CCF0AE6BFEBDA56DA /* [CP] Check Pods Manifest.lock */ = {
			isa = PBXShellScriptBuildPhase;
			buildActionMask = 2147483647;
			files = (
			);
			inputPaths = (
			);
			name = "[CP] Check Pods Manifest.lock";
			outputPaths = (
			);
			runOnlyForDeploymentPostprocessing = 0;
			shellPath = /bin/sh;
			shellScript = "diff \"${PODS_ROOT}/../Podfile.lock\" \"${PODS_ROOT}/Manifest.lock\" > /dev/null\nif [ $? != 0 ] ; then\n    # print error to STDERR\n    echo \"error: The sandbox is not in sync with the Podfile.lock. Run 'pod install' or update your CocoaPods installation.\" >&2\n    exit 1\nfi\n";
			showEnvVarsInLog = 0;
		};
		C7D5D6315D3EBA99ED83DF8E /* [CP] Copy Pods Resources */ = {
			isa = PBXShellScriptBuildPhase;
			buildActionMask = 2147483647;
			files = (
			);
			inputPaths = (
			);
			name = "[CP] Copy Pods Resources";
			outputPaths = (
			);
			runOnlyForDeploymentPostprocessing = 0;
			shellPath = /bin/sh;
			shellScript = "\"${SRCROOT}/Pods/Target Support Files/Pods-MovieHawkTests/Pods-MovieHawkTests-resources.sh\"\n";
			showEnvVarsInLog = 0;
		};
		CFA4AC5D9720DF90EC74EDB9 /* [CP] Embed Pods Frameworks */ = {
			isa = PBXShellScriptBuildPhase;
			buildActionMask = 2147483647;
			files = (
			);
			inputPaths = (
			);
			name = "[CP] Embed Pods Frameworks";
			outputPaths = (
			);
			runOnlyForDeploymentPostprocessing = 0;
			shellPath = /bin/sh;
			shellScript = "\"${SRCROOT}/Pods/Target Support Files/Pods-MovieHawk/Pods-MovieHawk-frameworks.sh\"\n";
			showEnvVarsInLog = 0;
		};
/* End PBXShellScriptBuildPhase section */

/* Begin PBXSourcesBuildPhase section */
		40C4CB7C1F34DE7300B172CA /* Sources */ = {
			isa = PBXSourcesBuildPhase;
			buildActionMask = 2147483647;
			files = (
				4041F0EA1F356B4B00FBE4EF /* FeedTableViewCell.swift in Sources */,
				4041F0C41F34E43700FBE4EF /* Movie.swift in Sources */,
				4041F0C91F34F6CA00FBE4EF /* NetworkHelper.swift in Sources */,
				4041F0DF1F35241700FBE4EF /* MovieDetailViewController.swift in Sources */,
				4041F0E41F355A0B00FBE4EF /* FeedStore.swift in Sources */,
				4041F0E81F356AEA00FBE4EF /* FeedDataSource.swift in Sources */,
				4041F0F01F3640B600FBE4EF /* TabBarController.swift in Sources */,
				4041F0C71F34F58600FBE4EF /* TmdbAPI.swift in Sources */,
				4041F0C21F34E33300FBE4EF /* SearchDataSource.swift in Sources */,
				4041F0BB1F34E26900FBE4EF /* SearchViewController.swift in Sources */,
				4041F0EE1F36408A00FBE4EF /* NavigationController.swift in Sources */,
				4041F0BD1F34E28200FBE4EF /* UserViewController.swift in Sources */,
				4041F0B91F34E0D600FBE4EF /* FeedViewController.swift in Sources */,
				4041F0DD1F3514C400FBE4EF /* MovieCollectionViewCell.swift in Sources */,
				40C4CB841F34DE7300B172CA /* AppDelegate.swift in Sources */,
				4041F0E61F355ABB00FBE4EF /* ParseHelper.swift in Sources */,
				4041F0C01F34E2CD00FBE4EF /* MovieStore.swift in Sources */,
				4041F0F31F36413B00FBE4EF /* Constants.swift in Sources */,
			);
			runOnlyForDeploymentPostprocessing = 0;
		};
		40C4CB901F34DE7300B172CA /* Sources */ = {
			isa = PBXSourcesBuildPhase;
			buildActionMask = 2147483647;
			files = (
				40C4CB991F34DE7300B172CA /* MovieHawkTests.swift in Sources */,
			);
			runOnlyForDeploymentPostprocessing = 0;
		};
		40C4CB9B1F34DE7300B172CA /* Sources */ = {
			isa = PBXSourcesBuildPhase;
			buildActionMask = 2147483647;
			files = (
				40C4CBA41F34DE7300B172CA /* MovieHawkUITests.swift in Sources */,
			);
			runOnlyForDeploymentPostprocessing = 0;
		};
/* End PBXSourcesBuildPhase section */

/* Begin PBXTargetDependency section */
		40C4CB961F34DE7300B172CA /* PBXTargetDependency */ = {
			isa = PBXTargetDependency;
			target = 40C4CB7F1F34DE7300B172CA /* MovieHawk */;
			targetProxy = 40C4CB951F34DE7300B172CA /* PBXContainerItemProxy */;
		};
		40C4CBA11F34DE7300B172CA /* PBXTargetDependency */ = {
			isa = PBXTargetDependency;
			target = 40C4CB7F1F34DE7300B172CA /* MovieHawk */;
			targetProxy = 40C4CBA01F34DE7300B172CA /* PBXContainerItemProxy */;
		};
/* End PBXTargetDependency section */

/* Begin PBXVariantGroup section */
		40C4CB8C1F34DE7300B172CA /* LaunchScreen.storyboard */ = {
			isa = PBXVariantGroup;
			children = (
				40C4CB8D1F34DE7300B172CA /* Base */,
			);
			name = LaunchScreen.storyboard;
			sourceTree = "<group>";
		};
/* End PBXVariantGroup section */

/* Begin XCBuildConfiguration section */
		40C4CBA61F34DE7300B172CA /* Debug */ = {
			isa = XCBuildConfiguration;
			buildSettings = {
				ALWAYS_SEARCH_USER_PATHS = NO;
				CLANG_ANALYZER_NONNULL = YES;
				CLANG_ANALYZER_NUMBER_OBJECT_CONVERSION = YES_AGGRESSIVE;
				CLANG_CXX_LANGUAGE_STANDARD = "gnu++0x";
				CLANG_CXX_LIBRARY = "libc++";
				CLANG_ENABLE_MODULES = YES;
				CLANG_ENABLE_OBJC_ARC = YES;
				CLANG_WARN_BOOL_CONVERSION = YES;
				CLANG_WARN_CONSTANT_CONVERSION = YES;
				CLANG_WARN_DIRECT_OBJC_ISA_USAGE = YES_ERROR;
				CLANG_WARN_DOCUMENTATION_COMMENTS = YES;
				CLANG_WARN_EMPTY_BODY = YES;
				CLANG_WARN_ENUM_CONVERSION = YES;
				CLANG_WARN_INFINITE_RECURSION = YES;
				CLANG_WARN_INT_CONVERSION = YES;
				CLANG_WARN_OBJC_ROOT_CLASS = YES_ERROR;
				CLANG_WARN_SUSPICIOUS_MOVE = YES;
				CLANG_WARN_UNREACHABLE_CODE = YES;
				CLANG_WARN__DUPLICATE_METHOD_MATCH = YES;
				"CODE_SIGN_IDENTITY[sdk=iphoneos*]" = "iPhone Developer";
				COPY_PHASE_STRIP = NO;
				DEBUG_INFORMATION_FORMAT = dwarf;
				ENABLE_STRICT_OBJC_MSGSEND = YES;
				ENABLE_TESTABILITY = YES;
				GCC_C_LANGUAGE_STANDARD = gnu99;
				GCC_DYNAMIC_NO_PIC = NO;
				GCC_NO_COMMON_BLOCKS = YES;
				GCC_OPTIMIZATION_LEVEL = 0;
				GCC_PREPROCESSOR_DEFINITIONS = (
					"DEBUG=1",
					"$(inherited)",
				);
				GCC_WARN_64_TO_32_BIT_CONVERSION = YES;
				GCC_WARN_ABOUT_RETURN_TYPE = YES_ERROR;
				GCC_WARN_UNDECLARED_SELECTOR = YES;
				GCC_WARN_UNINITIALIZED_AUTOS = YES_AGGRESSIVE;
				GCC_WARN_UNUSED_FUNCTION = YES;
				GCC_WARN_UNUSED_VARIABLE = YES;
				IPHONEOS_DEPLOYMENT_TARGET = 10.3;
				MTL_ENABLE_DEBUG_INFO = YES;
				ONLY_ACTIVE_ARCH = YES;
				SDKROOT = iphoneos;
				SWIFT_ACTIVE_COMPILATION_CONDITIONS = DEBUG;
				SWIFT_OPTIMIZATION_LEVEL = "-Onone";
			};
			name = Debug;
		};
		40C4CBA71F34DE7300B172CA /* Release */ = {
			isa = XCBuildConfiguration;
			buildSettings = {
				ALWAYS_SEARCH_USER_PATHS = NO;
				CLANG_ANALYZER_NONNULL = YES;
				CLANG_ANALYZER_NUMBER_OBJECT_CONVERSION = YES_AGGRESSIVE;
				CLANG_CXX_LANGUAGE_STANDARD = "gnu++0x";
				CLANG_CXX_LIBRARY = "libc++";
				CLANG_ENABLE_MODULES = YES;
				CLANG_ENABLE_OBJC_ARC = YES;
				CLANG_WARN_BOOL_CONVERSION = YES;
				CLANG_WARN_CONSTANT_CONVERSION = YES;
				CLANG_WARN_DIRECT_OBJC_ISA_USAGE = YES_ERROR;
				CLANG_WARN_DOCUMENTATION_COMMENTS = YES;
				CLANG_WARN_EMPTY_BODY = YES;
				CLANG_WARN_ENUM_CONVERSION = YES;
				CLANG_WARN_INFINITE_RECURSION = YES;
				CLANG_WARN_INT_CONVERSION = YES;
				CLANG_WARN_OBJC_ROOT_CLASS = YES_ERROR;
				CLANG_WARN_SUSPICIOUS_MOVE = YES;
				CLANG_WARN_UNREACHABLE_CODE = YES;
				CLANG_WARN__DUPLICATE_METHOD_MATCH = YES;
				"CODE_SIGN_IDENTITY[sdk=iphoneos*]" = "iPhone Developer";
				COPY_PHASE_STRIP = NO;
				DEBUG_INFORMATION_FORMAT = "dwarf-with-dsym";
				ENABLE_NS_ASSERTIONS = NO;
				ENABLE_STRICT_OBJC_MSGSEND = YES;
				GCC_C_LANGUAGE_STANDARD = gnu99;
				GCC_NO_COMMON_BLOCKS = YES;
				GCC_WARN_64_TO_32_BIT_CONVERSION = YES;
				GCC_WARN_ABOUT_RETURN_TYPE = YES_ERROR;
				GCC_WARN_UNDECLARED_SELECTOR = YES;
				GCC_WARN_UNINITIALIZED_AUTOS = YES_AGGRESSIVE;
				GCC_WARN_UNUSED_FUNCTION = YES;
				GCC_WARN_UNUSED_VARIABLE = YES;
				IPHONEOS_DEPLOYMENT_TARGET = 10.3;
				MTL_ENABLE_DEBUG_INFO = NO;
				SDKROOT = iphoneos;
				SWIFT_OPTIMIZATION_LEVEL = "-Owholemodule";
				VALIDATE_PRODUCT = YES;
			};
			name = Release;
		};
		40C4CBA91F34DE7300B172CA /* Debug */ = {
			isa = XCBuildConfiguration;
			baseConfigurationReference = 71A9ECBB1517CF87E68F0758 /* Pods-MovieHawk.debug.xcconfig */;
			buildSettings = {
				ASSETCATALOG_COMPILER_APPICON_NAME = AppIcon;
				DEVELOPMENT_TEAM = Q5S947L7K7;
				INFOPLIST_FILE = MovieHawk/Info.plist;
				LD_RUNPATH_SEARCH_PATHS = "$(inherited) @executable_path/Frameworks";
				PRODUCT_BUNDLE_IDENTIFIER = com.arunsivakumar.MovieHawk;
				PRODUCT_NAME = "$(TARGET_NAME)";
				SWIFT_VERSION = 3.0;
			};
			name = Debug;
		};
		40C4CBAA1F34DE7300B172CA /* Release */ = {
			isa = XCBuildConfiguration;
			baseConfigurationReference = 57AA92016E69F384548F920A /* Pods-MovieHawk.release.xcconfig */;
			buildSettings = {
				ASSETCATALOG_COMPILER_APPICON_NAME = AppIcon;
				DEVELOPMENT_TEAM = Q5S947L7K7;
				INFOPLIST_FILE = MovieHawk/Info.plist;
				LD_RUNPATH_SEARCH_PATHS = "$(inherited) @executable_path/Frameworks";
				PRODUCT_BUNDLE_IDENTIFIER = com.arunsivakumar.MovieHawk;
				PRODUCT_NAME = "$(TARGET_NAME)";
				SWIFT_VERSION = 3.0;
			};
			name = Release;
		};
		40C4CBAC1F34DE7300B172CA /* Debug */ = {
			isa = XCBuildConfiguration;
			baseConfigurationReference = F2F73060FC9FE7BE66CB6009 /* Pods-MovieHawkTests.debug.xcconfig */;
			buildSettings = {
				ALWAYS_EMBED_SWIFT_STANDARD_LIBRARIES = YES;
				BUNDLE_LOADER = "$(TEST_HOST)";
				DEVELOPMENT_TEAM = Q5S947L7K7;
				INFOPLIST_FILE = MovieHawkTests/Info.plist;
				LD_RUNPATH_SEARCH_PATHS = "$(inherited) @executable_path/Frameworks @loader_path/Frameworks";
				PRODUCT_BUNDLE_IDENTIFIER = com.arunsivakumar.MovieHawkTests;
				PRODUCT_NAME = "$(TARGET_NAME)";
				SWIFT_VERSION = 3.0;
				TEST_HOST = "$(BUILT_PRODUCTS_DIR)/MovieHawk.app/MovieHawk";
			};
			name = Debug;
		};
		40C4CBAD1F34DE7300B172CA /* Release */ = {
			isa = XCBuildConfiguration;
			baseConfigurationReference = AA0D9539A00565A7B4E5FDC7 /* Pods-MovieHawkTests.release.xcconfig */;
			buildSettings = {
				ALWAYS_EMBED_SWIFT_STANDARD_LIBRARIES = YES;
				BUNDLE_LOADER = "$(TEST_HOST)";
				DEVELOPMENT_TEAM = Q5S947L7K7;
				INFOPLIST_FILE = MovieHawkTests/Info.plist;
				LD_RUNPATH_SEARCH_PATHS = "$(inherited) @executable_path/Frameworks @loader_path/Frameworks";
				PRODUCT_BUNDLE_IDENTIFIER = com.arunsivakumar.MovieHawkTests;
				PRODUCT_NAME = "$(TARGET_NAME)";
				SWIFT_VERSION = 3.0;
				TEST_HOST = "$(BUILT_PRODUCTS_DIR)/MovieHawk.app/MovieHawk";
			};
			name = Release;
		};
		40C4CBAF1F34DE7300B172CA /* Debug */ = {
			isa = XCBuildConfiguration;
			baseConfigurationReference = AE2E69D0B072865180375D7F /* Pods-MovieHawkUITests.debug.xcconfig */;
			buildSettings = {
				ALWAYS_EMBED_SWIFT_STANDARD_LIBRARIES = YES;
				DEVELOPMENT_TEAM = Q5S947L7K7;
				INFOPLIST_FILE = MovieHawkUITests/Info.plist;
				LD_RUNPATH_SEARCH_PATHS = "$(inherited) @executable_path/Frameworks @loader_path/Frameworks";
				PRODUCT_BUNDLE_IDENTIFIER = com.arunsivakumar.MovieHawkUITests;
				PRODUCT_NAME = "$(TARGET_NAME)";
				SWIFT_VERSION = 3.0;
				TEST_TARGET_NAME = MovieHawk;
			};
			name = Debug;
		};
		40C4CBB01F34DE7300B172CA /* Release */ = {
			isa = XCBuildConfiguration;
			baseConfigurationReference = 3EA3F20A85F3DA5376FB2058 /* Pods-MovieHawkUITests.release.xcconfig */;
			buildSettings = {
				ALWAYS_EMBED_SWIFT_STANDARD_LIBRARIES = YES;
				DEVELOPMENT_TEAM = Q5S947L7K7;
				INFOPLIST_FILE = MovieHawkUITests/Info.plist;
				LD_RUNPATH_SEARCH_PATHS = "$(inherited) @executable_path/Frameworks @loader_path/Frameworks";
				PRODUCT_BUNDLE_IDENTIFIER = com.arunsivakumar.MovieHawkUITests;
				PRODUCT_NAME = "$(TARGET_NAME)";
				SWIFT_VERSION = 3.0;
				TEST_TARGET_NAME = MovieHawk;
			};
			name = Release;
		};
/* End XCBuildConfiguration section */

/* Begin XCConfigurationList section */
		40C4CB7B1F34DE7300B172CA /* Build configuration list for PBXProject "MovieHawk" */ = {
			isa = XCConfigurationList;
			buildConfigurations = (
				40C4CBA61F34DE7300B172CA /* Debug */,
				40C4CBA71F34DE7300B172CA /* Release */,
			);
			defaultConfigurationIsVisible = 0;
			defaultConfigurationName = Release;
		};
		40C4CBA81F34DE7300B172CA /* Build configuration list for PBXNativeTarget "MovieHawk" */ = {
			isa = XCConfigurationList;
			buildConfigurations = (
				40C4CBA91F34DE7300B172CA /* Debug */,
				40C4CBAA1F34DE7300B172CA /* Release */,
			);
			defaultConfigurationIsVisible = 0;
			defaultConfigurationName = Release;
		};
		40C4CBAB1F34DE7300B172CA /* Build configuration list for PBXNativeTarget "MovieHawkTests" */ = {
			isa = XCConfigurationList;
			buildConfigurations = (
				40C4CBAC1F34DE7300B172CA /* Debug */,
				40C4CBAD1F34DE7300B172CA /* Release */,
			);
			defaultConfigurationIsVisible = 0;
			defaultConfigurationName = Release;
		};
		40C4CBAE1F34DE7300B172CA /* Build configuration list for PBXNativeTarget "MovieHawkUITests" */ = {
			isa = XCConfigurationList;
			buildConfigurations = (
				40C4CBAF1F34DE7300B172CA /* Debug */,
				40C4CBB01F34DE7300B172CA /* Release */,
			);
			defaultConfigurationIsVisible = 0;
			defaultConfigurationName = Release;
		};
/* End XCConfigurationList section */
	};
	rootObject = 40C4CB781F34DE7300B172CA /* Project object */;
}
